github.com/dengjiawen8955/go_utils v1.6.2 h1:0lWAZyEMzRUI2XFiiZrOCU9hTKq2BZ3xnl9cwdGMsfQ=
github.com/dengjiawen8955/go_utils v1.6.2/go.mod h1:Y+2ra1sNKs/s2ne1wWDw32jtOWlmiOe3NqopUXL0FTE=
github.com/dengjiawen8955/goweb v1.0.1 h1:2NWzh8p/LYhbWGn42AyCSpmgRthXEru7xOKzUhHnBjM=
github.com/dengjiawen8955/goweb v1.0.1/go.mod h1:SFFHzirNSqcGTpl6H5TlGVDpVJJ3YGHI9vdqBbo6Ii0=
github.com/fwhezfwhez/errorx v1.1.0 h1:795cMWZFM+thQfKaC5Cjnp/h6naUEbsoQxOb/yvwn0c=
github.com/fwhezfwhez/errorx v1.1.0/go.mod h1:epOraH2nrfmf4JUao5290NFuXw9t6MZnzgwoW5guABE=
github.com/gofrs/uuid v4.0.0+incompatible h1:1SD/1F5pU8p29ybwgQSwpQk+mwdRrXCYuPhW6m+TnJw=
github.com/gofrs/uuid v4.0.0+incompatible/go.mod h1:b2aQJv3Z4Fp6yNu3cdSllBxTCLRxnplIgP/c0N/04lM=
